
Microsoft Visual Studio Solution File, Format Version 12.00
# Visual Studio Version 17
VisualStudioVersion = 17.14.37628.2
MinimumVisualStudioVersion = 10.0.40219.1
Project("{FAE04EC0-301F-11D3-BF4B-00C04F79EFBC}") = "CapaVista_Mantenimiento2k26", "Mantenimiento2k26\CapaVista_Mantenimiento2k26.csproj", "{65EE848D-B495-4AA6-A216-D7E89CEC29B2}"
EndProject
Project("{FAE04EC0-301F-11D3-BF4B-00C04F79EFBC}") = "CapaModelo_Mantenimiento2k26", "CapaModelo\CapaModelo_Mantenimiento2k26.csproj", "{9D9FD093-DFA9-4DD5-A70F-5D8152694EA1}"
EndProject
Project("{FAE04EC0-301F-11D3-BF4B-00C04F79EFBC}") = "CapaControlador_Mantenimiento2k26", "CapaContolador_Mantenimiento2k26\CapaControlador_Mantenimiento2k26.csproj", "{2DF2CDAE-600E-4921-93E5-7CD32BB9E6BD}"
EndProject
Global
	GlobalSection(SolutionConfigurationPlatforms) = preSolution
		Debug|Any CPU = Debug|Any CPU
		Release|Any CPU = Release|Any CPU
	EndGlobalSection
	GlobalSection(ProjectConfigurationPlatforms) = postSolution
		{65EE848D-B495-4AA6-A216-D7E89CEC29B2}.Debug|Any CPU.ActiveCfg = Debug|Any CPU
		{65EE848D-B495-4AA6-A216-D7E89CEC29B2}.Debug|Any CPU.Build.0 = Debug|Any CPU
		{65EE848D-B495-4AA6-A216-D7E89CEC29B2}.Release|Any CPU.ActiveCfg = Release|Any CPU
		{65EE848D-B495-4AA6-A216-D7E89CEC29B2}.Release|Any CPU.Build.0 = Release|Any CPU
		{9D9FD093-DFA9-4DD5-A70F-5D8152694EA1}.Debug|Any CPU.ActiveCfg = Debug|Any CPU
		{9D9FD093-DFA9-4DD5-A70F-5D8152694EA1}.Debug|Any CPU.Build.0 = Debug|Any CPU
		{9D9FD093-DFA9-4DD5-A70F-5D8152694EA1}.Release|Any CPU.ActiveCfg = Release|Any CPU
		{9D9FD093-DFA9-4DD5-A70F-5D8152694EA1}.Release|Any CPU.Build.0 = Release|Any CPU
		{2DF2CDAE-600E-4921-93E5-7CD32BB9E6BD}.Debug|Any CPU.ActiveCfg = Debug|Any CPU
		{2DF2CDAE-600E-4921-93E5-7CD32BB9E6BD}.Debug|Any CPU.Build.0 = Debug|Any CPU
		{2DF2CDAE-600E-4921-93E5-7CD32BB9E6BD}.Release|Any CPU.ActiveCfg = Release|Any CPU
		{2DF2CDAE-600E-4921-93E5-7CD32BB9E6BD}.Release|Any CPU.Build.0 = Release|Any CPU
	EndGlobalSection
	GlobalSection(SolutionProperties) = preSolution
		HideSolutionNode = FALSE
	EndGlobalSection
	GlobalSection(ExtensibilityGlobals) = postSolution
		SolutionGuid = {D03CD3FF-759A-4A84-A094-24186B35B5E8}
	EndGlobalSection
EndGlobal
